// !$*UTF8*$!
{
	archiveVersion = 1;
	classes = {
	};
	objectVersion = 46;
	objects = {

/* Begin PBXBuildFile section */
		18078AA41584E6CD008BFC3A /* Icon.png in Resources */ = {isa = PBXBuildFile; fileRef = 18078AA21584E6CD008BFC3A /* Icon.png */; };
		18078AA51584E6CD008BFC3A /* Icon@2x.png in Resources */ = {isa = PBXBuildFile; fileRef = 18078AA31584E6CD008BFC3A /* Icon@2x.png */; };
		184E02E9156C85DA00DD6A1B /* UIKit.framework in Frameworks */ = {isa = PBXBuildFile; fileRef = 184E02E8156C85DA00DD6A1B /* UIKit.framework */; };
		184E02EB156C85DA00DD6A1B /* Foundation.framework in Frameworks */ = {isa = PBXBuildFile; fileRef = 184E02EA156C85DA00DD6A1B /* Foundation.framework */; };
		184E02ED156C85DA00DD6A1B /* CoreGraphics.framework in Frameworks */ = {isa = PBXBuildFile; fileRef = 184E02EC156C85DA00DD6A1B /* CoreGraphics.framework */; };
		184E02F3156C85DA00DD6A1B /* InfoPlist.strings in Resources */ = {isa = PBXBuildFile; fileRef = 184E02F1156C85DA00DD6A1B /* InfoPlist.strings */; };
		184E02F5156C85DA00DD6A1B /* main.m in Sources */ = {isa = PBXBuildFile; fileRef = 184E02F4156C85DA00DD6A1B /* main.m */; };
		184E02F9156C85DA00DD6A1B /* IGAppDelegate.m in Sources */ = {isa = PBXBuildFile; fileRef = 184E02F8156C85DA00DD6A1B /* IGAppDelegate.m */; };
		184E02FC156C85DA00DD6A1B /* IGViewController.m in Sources */ = {isa = PBXBuildFile; fileRef = 184E02FB156C85DA00DD6A1B /* IGViewController.m */; };
		184E02FF156C85DB00DD6A1B /* IGViewController.xib in Resources */ = {isa = PBXBuildFile; fileRef = 184E02FD156C85DB00DD6A1B /* IGViewController.xib */; };
		18575E72157BA71400B5A9FD /* Default.png in Resources */ = {isa = PBXBuildFile; fileRef = 18575E70157BA71400B5A9FD /* Default.png */; };
		18575E73157BA71400B5A9FD /* Default@2x.png in Resources */ = {isa = PBXBuildFile; fileRef = 18575E71157BA71400B5A9FD /* Default@2x.png */; };
		1889BA14157714D0004B1455 /* Calendar.m in Sources */ = {isa = PBXBuildFile; fileRef = 1889BA13157714D0004B1455 /* Calendar.m */; };
		1889BA1915772DA4004B1455 /* xbwq.mp3 in Resources */ = {isa = PBXBuildFile; fileRef = 1889BA1815772DA3004B1455 /* xbwq.mp3 */; };
		1889BA1E15773736004B1455 /* AVFoundation.framework in Frameworks */ = {isa = PBXBuildFile; fileRef = 1889BA1D15773735004B1455 /* AVFoundation.framework */; };
		1889BA2415774972004B1455 /* Tomato.m in Sources */ = {isa = PBXBuildFile; fileRef = 1889BA2315774971004B1455 /* Tomato.m */; };
		1889BA26157774B0004B1455 /* ring.mp3 in Resources */ = {isa = PBXBuildFile; fileRef = 1889BA25157774B0004B1455 /* ring.mp3 */; };
		189744A615732BC7000BA50A /* MessageUI.framework in Frameworks */ = {isa = PBXBuildFile; fileRef = 189744A515732BC7000BA50A /* MessageUI.framework */; };
		189F9630156E14B7007E3927 /* DelayedAlarmViewController.m in Sources */ = {isa = PBXBuildFile; fileRef = 189F962E156E14B7007E3927 /* DelayedAlarmViewController.m */; };
		18AA96E9157C93390090CF4E /* 0.png in Resources */ = {isa = PBXBuildFile; fileRef = 18AA96A0157C93380090CF4E /* 0.png */; };
		18AA96EA157C93390090CF4E /* 0@2x.png in Resources */ = {isa = PBXBuildFile; fileRef = 18AA96A1157C93380090CF4E /* 0@2x.png */; };
		18AA96EB157C93390090CF4E /* 1.png in Resources */ = {isa = PBXBuildFile; fileRef = 18AA96A2157C93380090CF4E /* 1.png */; };
		18AA96EC157C93390090CF4E /* 1@2x.png in Resources */ = {isa = PBXBuildFile; fileRef = 18AA96A3157C93380090CF4E /* 1@2x.png */; };
		18AA96ED157C93390090CF4E /* 2.png in Resources */ = {isa = PBXBuildFile; fileRef = 18AA96A4157C93380090CF4E /* 2.png */; };
		18AA96EE157C93390090CF4E /* 2@2x.png in Resources */ = {isa = PBXBuildFile; fileRef = 18AA96A5157C93380090CF4E /* 2@2x.png */; };
		18AA96EF157C93390090CF4E /* 3.png in Resources */ = {isa = PBXBuildFile; fileRef = 18AA96A6157C93380090CF4E /* 3.png */; };
		18AA96F0157C93390090CF4E /* 3@2x.png in Resources */ = {isa = PBXBuildFile; fileRef = 18AA96A7157C93380090CF4E /* 3@2x.png */; };
		18AA96F1157C93390090CF4E /* 4.png in Resources */ = {isa = PBXBuildFile; fileRef = 18AA96A8157C93380090CF4E /* 4.png */; };
		18AA96F2157C93390090CF4E /* 4@2x.png in Resources */ = {isa = PBXBuildFile; fileRef = 18AA96A9157C93380090CF4E /* 4@2x.png */; };
		18AA96F3157C93390090CF4E /* 5.png in Resources */ = {isa = PBXBuildFile; fileRef = 18AA96AA157C93380090CF4E /* 5.png */; };
		18AA96F4157C93390090CF4E /* 5@2x.png in Resources */ = {isa = PBXBuildFile; fileRef = 18AA96AB157C93380090CF4E /* 5@2x.png */; };
		18AA96F5157C93390090CF4E /* 6.png in Resources */ = {isa = PBXBuildFile; fileRef = 18AA96AC157C93380090CF4E /* 6.png */; };
		18AA96F6157C93390090CF4E /* 6@2x.png in Resources */ = {isa = PBXBuildFile; fileRef = 18AA96AD157C93380090CF4E /* 6@2x.png */; };
		18AA96F7157C93390090CF4E /* 7.png in Resources */ = {isa = PBXBuildFile; fileRef = 18AA96AE157C93380090CF4E /* 7.png */; };
		18AA96F8157C93390090CF4E /* 7@2x.png in Resources */ = {isa = PBXBuildFile; fileRef = 18AA96AF157C93380090CF4E /* 7@2x.png */; };
		18AA96F9157C93390090CF4E /* 8.png in Resources */ = {isa = PBXBuildFile; fileRef = 18AA96B0157C93380090CF4E /* 8.png */; };
		18AA96FA157C93390090CF4E /* 8@2x.png in Resources */ = {isa = PBXBuildFile; fileRef = 18AA96B1157C93380090CF4E /* 8@2x.png */; };
		18AA96FB157C93390090CF4E /* 9.png in Resources */ = {isa = PBXBuildFile; fileRef = 18AA96B2157C93380090CF4E /* 9.png */; };
		18AA96FC157C93390090CF4E /* 9@2x.png in Resources */ = {isa = PBXBuildFile; fileRef = 18AA96B3157C93380090CF4E /* 9@2x.png */; };
		18AA96FD157C93390090CF4E /* appraisebutton.png in Resources */ = {isa = PBXBuildFile; fileRef = 18AA96B4157C93380090CF4E /* appraisebutton.png */; };
		18AA96FE157C93390090CF4E /* appraisebutton@2x.png in Resources */ = {isa = PBXBuildFile; fileRef = 18AA96B5157C93380090CF4E /* appraisebutton@2x.png */; };
		18AA96FF157C93390090CF4E /* btnbak.png in Resources */ = {isa = PBXBuildFile; fileRef = 18AA96B6157C93380090CF4E /* btnbak.png */; };
		18AA9700157C93390090CF4E /* btnbak@2x.png in Resources */ = {isa = PBXBuildFile; fileRef = 18AA96B7157C93380090CF4E /* btnbak@2x.png */; };
		18AA9701157C93390090CF4E /* cellbak.png in Resources */ = {isa = PBXBuildFile; fileRef = 18AA96B8157C93380090CF4E /* cellbak.png */; };
		18AA9702157C93390090CF4E /* cellbak@2x.png in Resources */ = {isa = PBXBuildFile; fileRef = 18AA96B9157C93380090CF4E /* cellbak@2x.png */; };
		18AA9703157C93390090CF4E /* daybak.png in Resources */ = {isa = PBXBuildFile; fileRef = 18AA96BA157C93380090CF4E /* daybak.png */; };
		18AA9704157C93390090CF4E /* daybak@2x.png in Resources */ = {isa = PBXBuildFile; fileRef = 18AA96BB157C93380090CF4E /* daybak@2x.png */; };
		18AA9705157C93390090CF4E /* goback.png in Resources */ = {isa = PBXBuildFile; fileRef = 18AA96BC157C93380090CF4E /* goback.png */; };
		18AA9706157C93390090CF4E /* greenbar.png in Resources */ = {isa = PBXBuildFile; fileRef = 18AA96BD157C93380090CF4E /* greenbar.png */; };
		18AA9707157C93390090CF4E /* greenbar@2x.png in Resources */ = {isa = PBXBuildFile; fileRef = 18AA96BE157C93380090CF4E /* greenbar@2x.png */; };
		18AA9708157C93390090CF4E /* greenbtnbak.png in Resources */ = {isa = PBXBuildFile; fileRef = 18AA96BF157C93380090CF4E /* greenbtnbak.png */; };
		18AA9709157C93390090CF4E /* greenbtnbak@2x.png in Resources */ = {isa = PBXBuildFile; fileRef = 18AA96C0157C93380090CF4E /* greenbtnbak@2x.png */; };
		18AA970A157C93390090CF4E /* grntabbak.png in Resources */ = {isa = PBXBuildFile; fileRef = 18AA96C1157C93380090CF4E /* grntabbak.png */; };
		18AA970B157C93390090CF4E /* grntabbak@2x.png in Resources */ = {isa = PBXBuildFile; fileRef = 18AA96C2157C93380090CF4E /* grntabbak@2x.png */; };
		18AA970C157C93390090CF4E /* help.png in Resources */ = {isa = PBXBuildFile; fileRef = 18AA96C3157C93380090CF4E /* help.png */; };
		18AA970D157C93390090CF4E /* help@2x.png in Resources */ = {isa = PBXBuildFile; fileRef = 18AA96C4157C93380090CF4E /* help@2x.png */; };
		18AA970E157C93390090CF4E /* maohao.png in Resources */ = {isa = PBXBuildFile; fileRef = 18AA96C5157C93380090CF4E /* maohao.png */; };
		18AA970F157C93390090CF4E /* maohao@2x.png in Resources */ = {isa = PBXBuildFile; fileRef = 18AA96C6157C93380090CF4E /* maohao@2x.png */; };
		18AA9710157C93390090CF4E /* microtomato.png in Resources */ = {isa = PBXBuildFile; fileRef = 18AA96C7157C93380090CF4E /* microtomato.png */; };
		18AA9711157C93390090CF4E /* microtomato@2x.png in Resources */ = {isa = PBXBuildFile; fileRef = 18AA96C8157C93380090CF4E /* microtomato@2x.png */; };
		18AA9712157C93390090CF4E /* microtomatogrn.png in Resources */ = {isa = PBXBuildFile; fileRef = 18AA96C9157C93380090CF4E /* microtomatogrn.png */; };
		18AA9713157C93390090CF4E /* microtomatogrn@2x.png in Resources */ = {isa = PBXBuildFile; fileRef = 18AA96CA157C93380090CF4E /* microtomatogrn@2x.png */; };
		18AA9714157C93390090CF4E /* redbar.png in Resources */ = {isa = PBXBuildFile; fileRef = 18AA96CB157C93380090CF4E /* redbar.png */; };
		18AA9715157C93390090CF4E /* redbar@2x.png in Resources */ = {isa = PBXBuildFile; fileRef = 18AA96CC157C93380090CF4E /* redbar@2x.png */; };
		18AA9716157C93390090CF4E /* redbtnbak.png in Resources */ = {isa = PBXBuildFile; fileRef = 18AA96CD157C93380090CF4E /* redbtnbak.png */; };
		18AA9717157C93390090CF4E /* redbtnbak@2x.png in Resources */ = {isa = PBXBuildFile; fileRef = 18AA96CE157C93380090CF4E /* redbtnbak@2x.png */; };
		18AA9718157C93390090CF4E /* searchbarbak.png in Resources */ = {isa = PBXBuildFile; fileRef = 18AA96CF157C93380090CF4E /* searchbarbak.png */; };
		18AA9719157C93390090CF4E /* searchbarbak@2x.png in Resources */ = {isa = PBXBuildFile; fileRef = 18AA96D0157C93380090CF4E /* searchbarbak@2x.png */; };
		18AA971A157C93390090CF4E /* sectionbak.png in Resources */ = {isa = PBXBuildFile; fileRef = 18AA96D1157C93380090CF4E /* sectionbak.png */; };
		18AA971B157C93390090CF4E /* sectionbak@2x.png in Resources */ = {isa = PBXBuildFile; fileRef = 18AA96D2157C93380090CF4E /* sectionbak@2x.png */; };
		18AA971C157C93390090CF4E /* smalltomato.png in Resources */ = {isa = PBXBuildFile; fileRef = 18AA96D3157C93380090CF4E /* smalltomato.png */; };
		18AA971D157C93390090CF4E /* smalltomato@2x.png in Resources */ = {isa = PBXBuildFile; fileRef = 18AA96D4157C93380090CF4E /* smalltomato@2x.png */; };
		18AA971E157C93390090CF4E /* smalltomatogrn.png in Resources */ = {isa = PBXBuildFile; fileRef = 18AA96D5157C93380090CF4E /* smalltomatogrn.png */; };
		18AA971F157C93390090CF4E /* smalltomatogrn@2x.png in Resources */ = {isa = PBXBuildFile; fileRef = 18AA96D6157C93380090CF4E /* smalltomatogrn@2x.png */; };
		18AA9720157C93390090CF4E /* sundaybak.png in Resources */ = {isa = PBXBuildFile; fileRef = 18AA96D7157C93380090CF4E /* sundaybak.png */; };
		18AA9721157C93390090CF4E /* sundaybak@2x.png in Resources */ = {isa = PBXBuildFile; fileRef = 18AA96D8157C93380090CF4E /* sundaybak@2x.png */; };
		18AA9722157C93390090CF4E /* switch_left_off.png in Resources */ = {isa = PBXBuildFile; fileRef = 18AA96D9157C93380090CF4E /* switch_left_off.png */; };
		18AA9723157C93390090CF4E /* switch_left_on.png in Resources */ = {isa = PBXBuildFile; fileRef = 18AA96DA157C93380090CF4E /* switch_left_on.png */; };
		18AA9724157C93390090CF4E /* switch_right_off.png in Resources */ = {isa = PBXBuildFile; fileRef = 18AA96DB157C93380090CF4E /* switch_right_off.png */; };
		18AA9725157C93390090CF4E /* switch_right_on.png in Resources */ = {isa = PBXBuildFile; fileRef = 18AA96DC157C93380090CF4E /* switch_right_on.png */; };
		18AA9726157C93390090CF4E /* tabfootbak.png in Resources */ = {isa = PBXBuildFile; fileRef = 18AA96DD157C93380090CF4E /* tabfootbak.png */; };
		18AA9727157C93390090CF4E /* tableviewbak.png in Resources */ = {isa = PBXBuildFile; fileRef = 18AA96DE157C93380090CF4E /* tableviewbak.png */; };
		18AA9728157C93390090CF4E /* tableviewbak@2x.png in Resources */ = {isa = PBXBuildFile; fileRef = 18AA96DF157C93380090CF4E /* tableviewbak@2x.png */; };
		18AA9729157C93390090CF4E /* tenyeardiaryicon.png in Resources */ = {isa = PBXBuildFile; fileRef = 18AA96E0157C93380090CF4E /* tenyeardiaryicon.png */; };
		18AA972A157C93390090CF4E /* tenyeardiaryicon@2x.png in Resources */ = {isa = PBXBuildFile; fileRef = 18AA96E1157C93380090CF4E /* tenyeardiaryicon@2x.png */; };
		18AA972B157C93390090CF4E /* todaybak.png in Resources */ = {isa = PBXBuildFile; fileRef = 18AA96E2157C93380090CF4E /* todaybak.png */; };
		18AA972C157C93390090CF4E /* todaybak@2x.png in Resources */ = {isa = PBXBuildFile; fileRef = 18AA96E3157C93380090CF4E /* todaybak@2x.png */; };
		18AA972D157C93390090CF4E /* tomato.png in Resources */ = {isa = PBXBuildFile; fileRef = 18AA96E4157C93380090CF4E /* tomato.png */; };
		18AA972E157C93390090CF4E /* tripcheckericon.png in Resources */ = {isa = PBXBuildFile; fileRef = 18AA96E5157C93380090CF4E /* tripcheckericon.png */; };
		18AA972F157C93390090CF4E /* tripcheckericon@2x.png in Resources */ = {isa = PBXBuildFile; fileRef = 18AA96E6157C93380090CF4E /* tripcheckericon@2x.png */; };
		18AA9730157C93390090CF4E /* viewbak.png in Resources */ = {isa = PBXBuildFile; fileRef = 18AA96E7157C93380090CF4E /* viewbak.png */; };
		18AA9731157C93390090CF4E /* viewbak@2x.png in Resources */ = {isa = PBXBuildFile; fileRef = 18AA96E8157C93380090CF4E /* viewbak@2x.png */; };
		18AA973A157D9F3E0090CF4E /* Localizable.strings in Resources */ = {isa = PBXBuildFile; fileRef = 18AA973C157D9F3E0090CF4E /* Localizable.strings */; };
		18AB2900157C79E1007C3BF8 /* IGA05ViewController.m in Sources */ = {isa = PBXBuildFile; fileRef = 18AB28FF157C79E1007C3BF8 /* IGA05ViewController.m */; };
		18AFB923157463CC00A06B36 /* StopReason.m in Sources */ = {isa = PBXBuildFile; fileRef = 18AFB922157463CC00A06B36 /* StopReason.m */; };
		18AFB926157463CC00A06B36 /* TomatoName.m in Sources */ = {isa = PBXBuildFile; fileRef = 18AFB925157463CC00A06B36 /* TomatoName.m */; };
		18AFB929157463CC00A06B36 /* Config.m in Sources */ = {isa = PBXBuildFile; fileRef = 18AFB928157463CC00A06B36 /* Config.m */; };
		18DD74CC156DD7690049977D /* IGMainViewController.m in Sources */ = {isa = PBXBuildFile; fileRef = 18DD74CB156DD7690049977D /* IGMainViewController.m */; };
		18DD74D3156DD92C0049977D /* IGCommonDefine.m in Sources */ = {isa = PBXBuildFile; fileRef = 18DD74D2156DD92C0049977D /* IGCommonDefine.m */; };
		18DD74D9156DDCB80049977D /* IGA01ViewController.m in Sources */ = {isa = PBXBuildFile; fileRef = 18DD74D8156DDCB80049977D /* IGA01ViewController.m */; };
		18DD74DC156DDCC70049977D /* IGA02ViewController.m in Sources */ = {isa = PBXBuildFile; fileRef = 18DD74DB156DDCC70049977D /* IGA02ViewController.m */; };
		18DD74DF156DDCEB0049977D /* IGA03ViewController.m in Sources */ = {isa = PBXBuildFile; fileRef = 18DD74DE156DDCEB0049977D /* IGA03ViewController.m */; };
		18DD74E2156DE3DB0049977D /* IGBusinessUtil.m in Sources */ = {isa = PBXBuildFile; fileRef = 18DD74E0156DE3DB0049977D /* IGBusinessUtil.m */; };
		18DD74ED156DE3ED0049977D /* IGLabel.m in Sources */ = {isa = PBXBuildFile; fileRef = 18DD74E3156DE3ED0049977D /* IGLabel.m */; };
		18DD74EE156DE3ED0049977D /* IGTextField.m in Sources */ = {isa = PBXBuildFile; fileRef = 18DD74E4156DE3ED0049977D /* IGTextField.m */; };
		18DD74EF156DE3ED0049977D /* IGUISegmentedControl.m in Sources */ = {isa = PBXBuildFile; fileRef = 18DD74E5156DE3ED0049977D /* IGUISegmentedControl.m */; };
		18DD74F0156DE3ED0049977D /* NSDate+Helper.m in Sources */ = {isa = PBXBuildFile; fileRef = 18DD74E6156DE3ED0049977D /* NSDate+Helper.m */; };
		18DD74F1156DE3ED0049977D /* UIUtil.m in Sources */ = {isa = PBXBuildFile; fileRef = 18DD74E7156DE3ED0049977D /* UIUtil.m */; };
		18DE47C0157477770079846C /* IGT002.xcdatamodeld in Sources */ = {isa = PBXBuildFile; fileRef = 18DE47BE157477770079846C /* IGT002.xcdatamodeld */; };
		18DE47C81574AEA80079846C /* Tomato+Helper.m in Sources */ = {isa = PBXBuildFile; fileRef = 18DE47C71574AEA80079846C /* Tomato+Helper.m */; };
		18E75629156F6550001598BF /* IGCalendarController.m in Sources */ = {isa = PBXBuildFile; fileRef = 18E755E6156F6550001598BF /* IGCalendarController.m */; };
		18E7562A156F6550001598BF /* IGCalendarWeekCellControllerCell.m in Sources */ = {isa = PBXBuildFile; fileRef = 18E755E7156F6550001598BF /* IGCalendarWeekCellControllerCell.m */; };
		18E7562B156F6550001598BF /* IGDateUtil.m in Sources */ = {isa = PBXBuildFile; fileRef = 18E755E8156F6550001598BF /* IGDateUtil.m */; };
		18E75669156F7335001598BF /* UIColor+IGColor.m in Sources */ = {isa = PBXBuildFile; fileRef = 18E75668156F7335001598BF /* UIColor+IGColor.m */; };
		18E7568715731189001598BF /* IGTomatoListController.m in Sources */ = {isa = PBXBuildFile; fileRef = 18E7568615731189001598BF /* IGTomatoListController.m */; };
		D7915DDF1573A25D00378A1A /* IGCoreDataUtil.m in Sources */ = {isa = PBXBuildFile; fileRef = D7915DDE1573A25D00378A1A /* IGCoreDataUtil.m */; };
		D7915DE11573A40200378A1A /* CoreData.framework in Frameworks */ = {isa = PBXBuildFile; fileRef = D7915DE01573A40200378A1A /* CoreData.framework */; };
		D7915DF31573B05600378A1A /* IGTomatoUtil.m in Sources */ = {isa = PBXBuildFile; fileRef = D7915DF21573B05500378A1A /* IGTomatoUtil.m */; };
		D791676F156FD48A00E99ED3 /* IGA04ViewController.m in Sources */ = {isa = PBXBuildFile; fileRef = D791676E156FD48A00E99ED3 /* IGA04ViewController.m */; };
		E27DDFFB156F2430008B97E3 /* IGTextSelector.m in Sources */ = {isa = PBXBuildFile; fileRef = E27DDFFA156F2430008B97E3 /* IGTextSelector.m */; };
/* End PBXBuildFile section */

/* Begin PBXFileReference section */
		18078AA21584E6CD008BFC3A /* Icon.png */ = {isa = PBXFileReference; lastKnownFileType = image.png; path = Icon.png; sourceTree = "<group>"; };
		18078AA31584E6CD008BFC3A /* Icon@2x.png */ = {isa = PBXFileReference; lastKnownFileType = image.png; path = "Icon@2x.png"; sourceTree = "<group>"; };
		184E02E4156C85DA00DD6A1B /* IGT002.app */ = {isa = PBXFileReference; explicitFileType = wrapper.application; includeInIndex = 0; path = IGT002.app; sourceTree = BUILT_PRODUCTS_DIR; };
		184E02E8156C85DA00DD6A1B /* UIKit.framework */ = {isa = PBXFileReference; lastKnownFileType = wrapper.framework; name = UIKit.framework; path = System/Library/Frameworks/UIKit.framework; sourceTree = SDKROOT; };
		184E02EA156C85DA00DD6A1B /* Foundation.framework */ = {isa = PBXFileReference; lastKnownFileType = wrapper.framework; name = Foundation.framework; path = System/Library/Frameworks/Foundation.framework; sourceTree = SDKROOT; };
		184E02EC156C85DA00DD6A1B /* CoreGraphics.framework */ = {isa = PBXFileReference; lastKnownFileType = wrapper.framework; name = CoreGraphics.framework; path = System/Library/Frameworks/CoreGraphics.framework; sourceTree = SDKROOT; };
		184E02F0156C85DA00DD6A1B /* IGT002-Info.plist */ = {isa = PBXFileReference; lastKnownFileType = text.plist.xml; path = "IGT002-Info.plist"; sourceTree = "<group>"; };
		184E02F2156C85DA00DD6A1B /* en */ = {isa = PBXFileReference; lastKnownFileType = text.plist.strings; name = en; path = en.lproj/InfoPlist.strings; sourceTree = "<group>"; };
		184E02F4156C85DA00DD6A1B /* main.m */ = {isa = PBXFileReference; lastKnownFileType = sourcecode.c.objc; path = main.m; sourceTree = "<group>"; };
		184E02F6156C85DA00DD6A1B /* IGT002-Prefix.pch */ = {isa = PBXFileReference; lastKnownFileType = sourcecode.c.h; path = "IGT002-Prefix.pch"; sourceTree = "<group>"; };
		184E02F7156C85DA00DD6A1B /* IGAppDelegate.h */ = {isa = PBXFileReference; lastKnownFileType = sourcecode.c.h; path = IGAppDelegate.h; sourceTree = "<group>"; };
		184E02F8156C85DA00DD6A1B /* IGAppDelegate.m */ = {isa = PBXFileReference; lastKnownFileType = sourcecode.c.objc; path = IGAppDelegate.m; sourceTree = "<group>"; };
		184E02FA156C85DA00DD6A1B /* IGViewController.h */ = {isa = PBXFileReference; lastKnownFileType = sourcecode.c.h; path = IGViewController.h; sourceTree = "<group>"; };
		184E02FB156C85DA00DD6A1B /* IGViewController.m */ = {isa = PBXFileReference; lastKnownFileType = sourcecode.c.objc; path = IGViewController.m; sourceTree = "<group>"; };
		184E02FE156C85DB00DD6A1B /* en */ = {isa = PBXFileReference; lastKnownFileType = file.xib; name = en; path = en.lproj/IGViewController.xib; sourceTree = "<group>"; };
		18575E70157BA71400B5A9FD /* Default.png */ = {isa = PBXFileReference; lastKnownFileType = image.png; path = Default.png; sourceTree = "<group>"; };
		18575E71157BA71400B5A9FD /* Default@2x.png */ = {isa = PBXFileReference; lastKnownFileType = image.png; path = "Default@2x.png"; sourceTree = "<group>"; };
		18575E78157BA84A00B5A9FD /* zh-Hans */ = {isa = PBXFileReference; lastKnownFileType = text.plist.strings; name = "zh-Hans"; path = "zh-Hans.lproj/InfoPlist.strings"; sourceTree = "<group>"; };
		18575E79157BA84D00B5A9FD /* ja */ = {isa = PBXFileReference; lastKnownFileType = text.plist.strings; name = ja; path = ja.lproj/InfoPlist.strings; sourceTree = "<group>"; };
		1889BA12157714D0004B1455 /* Calendar.h */ = {isa = PBXFileReference; fileEncoding = 4; lastKnownFileType = sourcecode.c.h; path = Calendar.h; sourceTree = "<group>"; };
		1889BA13157714D0004B1455 /* Calendar.m */ = {isa = PBXFileReference; fileEncoding = 4; lastKnownFileType = sourcecode.c.objc; path = Calendar.m; sourceTree = "<group>"; };
		1889BA1815772DA3004B1455 /* xbwq.mp3 */ = {isa = PBXFileReference; lastKnownFileType = audio.mp3; name = xbwq.mp3; path = IGT002/xbwq.mp3; sourceTree = "<group>"; };
		1889BA1D15773735004B1455 /* AVFoundation.framework */ = {isa = PBXFileReference; lastKnownFileType = wrapper.framework; name = AVFoundation.framework; path = System/Library/Frameworks/AVFoundation.framework; sourceTree = SDKROOT; };
		1889BA2215774971004B1455 /* Tomato.h */ = {isa = PBXFileReference; fileEncoding = 4; lastKnownFileType = sourcecode.c.h; path = Tomato.h; sourceTree = "<group>"; };
		1889BA2315774971004B1455 /* Tomato.m */ = {isa = PBXFileReference; fileEncoding = 4; lastKnownFileType = sourcecode.c.objc; path = Tomato.m; sourceTree = "<group>"; };
		1889BA25157774B0004B1455 /* ring.mp3 */ = {isa = PBXFileReference; lastKnownFileType = audio.mp3; name = ring.mp3; path = IGT002/ring.mp3; sourceTree = "<group>"; };
		189744A515732BC7000BA50A /* MessageUI.framework */ = {isa = PBXFileReference; lastKnownFileType = wrapper.framework; name = MessageUI.framework; path = System/Library/Frameworks/MessageUI.framework; sourceTree = SDKROOT; };
		189F962E156E14B7007E3927 /* DelayedAlarmViewController.m */ = {isa = PBXFileReference; fileEncoding = 4; lastKnownFileType = sourcecode.c.objc; path = DelayedAlarmViewController.m; sourceTree = "<group>"; };
		189F962F156E14B7007E3927 /* DelayedAlarmViewController.h */ = {isa = PBXFileReference; fileEncoding = 4; lastKnownFileType = sourcecode.c.h; path = DelayedAlarmViewController.h; sourceTree = "<group>"; };
		18AA96A0157C93380090CF4E /* 0.png */ = {isa = PBXFileReference; lastKnownFileType = image.png; name = 0.png; path = Image/0.png; sourceTree = "<group>"; };
		18AA96A1157C93380090CF4E /* 0@2x.png */ = {isa = PBXFileReference; lastKnownFileType = image.png; name = "0@2x.png"; path = "Image/0@2x.png"; sourceTree = "<group>"; };
		18AA96A2157C93380090CF4E /* 1.png */ = {isa = PBXFileReference; lastKnownFileType = image.png; name = 1.png; path = Image/1.png; sourceTree = "<group>"; };
		18AA96A3157C93380090CF4E /* 1@2x.png */ = {isa = PBXFileReference; lastKnownFileType = image.png; name = "1@2x.png"; path = "Image/1@2x.png"; sourceTree = "<group>"; };
		18AA96A4157C93380090CF4E /* 2.png */ = {isa = PBXFileReference; lastKnownFileType = image.png; name = 2.png; path = Image/2.png; sourceTree = "<group>"; };
		18AA96A5157C93380090CF4E /* 2@2x.png */ = {isa = PBXFileReference; lastKnownFileType = image.png; name = "2@2x.png"; path = "Image/2@2x.png"; sourceTree = "<group>"; };
		18AA96A6157C93380090CF4E /* 3.png */ = {isa = PBXFileReference; lastKnownFileType = image.png; name = 3.png; path = Image/3.png; sourceTree = "<group>"; };
		18AA96A7157C93380090CF4E /* 3@2x.png */ = {isa = PBXFileReference; lastKnownFileType = image.png; name = "3@2x.png"; path = "Image/3@2x.png"; sourceTree = "<group>"; };
		18AA96A8157C93380090CF4E /* 4.png */ = {isa = PBXFileReference; lastKnownFileType = image.png; name = 4.png; path = Image/4.png; sourceTree = "<group>"; };
		18AA96A9157C93380090CF4E /* 4@2x.png */ = {isa = PBXFileReference; lastKnownFileType = image.png; name = "4@2x.png"; path = "Image/4@2x.png"; sourceTree = "<group>"; };
		18AA96AA157C93380090CF4E /* 5.png */ = {isa = PBXFileReference; lastKnownFileType = image.png; name = 5.png; path = Image/5.png; sourceTree = "<group>"; };
		18AA96AB157C93380090CF4E /* 5@2x.png */ = {isa = PBXFileReference; lastKnownFileType = image.png; name = "5@2x.png"; path = "Image/5@2x.png"; sourceTree = "<group>"; };
		18AA96AC157C93380090CF4E /* 6.png */ = {isa = PBXFileReference; lastKnownFileType = image.png; name = 6.png; path = Image/6.png; sourceTree = "<group>"; };
		18AA96AD157C93380090CF4E /* 6@2x.png */ = {isa = PBXFileReference; lastKnownFileType = image.png; name = "6@2x.png"; path = "Image/6@2x.png"; sourceTree = "<group>"; };
		18AA96AE157C93380090CF4E /* 7.png */ = {isa = PBXFileReference; lastKnownFileType = image.png; name = 7.png; path = Image/7.png; sourceTree = "<group>"; };
		18AA96AF157C93380090CF4E /* 7@2x.png */ = {isa = PBXFileReference; lastKnownFileType = image.png; name = "7@2x.png"; path = "Image/7@2x.png"; sourceTree = "<group>"; };
		18AA96B0157C93380090CF4E /* 8.png */ = {isa = PBXFileReference; lastKnownFileType = image.png; name = 8.png; path = Image/8.png; sourceTree = "<group>"; };
		18AA96B1157C93380090CF4E /* 8@2x.png */ = {isa = PBXFileReference; lastKnownFileType = image.png; name = "8@2x.png"; path = "Image/8@2x.png"; sourceTree = "<group>"; };
		18AA96B2157C93380090CF4E /* 9.png */ = {isa = PBXFileReference; lastKnownFileType = image.png; name = 9.png; path = Image/9.png; sourceTree = "<group>"; };
		18AA96B3157C93380090CF4E /* 9@2x.png */ = {isa = PBXFileReference; lastKnownFileType = image.png; name = "9@2x.png"; path = "Image/9@2x.png"; sourceTree = "<group>"; };
		18AA96B4157C93380090CF4E /* appraisebutton.png */ = {isa = PBXFileReference; lastKnownFileType = image.png; name = appraisebutton.png; path = Image/appraisebutton.png; sourceTree = "<group>"; };
		18AA96B5157C93380090CF4E /* appraisebutton@2x.png */ = {isa = PBXFileReference; lastKnownFileType = image.png; name = "appraisebutton@2x.png"; path = "Image/appraisebutton@2x.png"; sourceTree = "<group>"; };
		18AA96B6157C93380090CF4E /* btnbak.png */ = {isa = PBXFileReference; lastKnownFileType = image.png; name = btnbak.png; path = Image/btnbak.png; sourceTree = "<group>"; };
		18AA96B7157C93380090CF4E /* btnbak@2x.png */ = {isa = PBXFileReference; lastKnownFileType = image.png; name = "btnbak@2x.png"; path = "Image/btnbak@2x.png"; sourceTree = "<group>"; };
		18AA96B8157C93380090CF4E /* cellbak.png */ = {isa = PBXFileReference; lastKnownFileType = image.png; name = cellbak.png; path = Image/cellbak.png; sourceTree = "<group>"; };
		18AA96B9157C93380090CF4E /* cellbak@2x.png */ = {isa = PBXFileReference; lastKnownFileType = image.png; name = "cellbak@2x.png"; path = "Image/cellbak@2x.png"; sourceTree = "<group>"; };
		18AA96BA157C93380090CF4E /* daybak.png */ = {isa = PBXFileReference; lastKnownFileType = image.png; name = daybak.png; path = Image/daybak.png; sourceTree = "<group>"; };
		18AA96BB157C93380090CF4E /* daybak@2x.png */ = {isa = PBXFileReference; lastKnownFileType = image.png; name = "daybak@2x.png"; path = "Image/daybak@2x.png"; sourceTree = "<group>"; };
		18AA96BC157C93380090CF4E /* goback.png */ = {isa = PBXFileReference; lastKnownFileType = image.png; name = goback.png; path = Image/goback.png; sourceTree = "<group>"; };
		18AA96BD157C93380090CF4E /* greenbar.png */ = {isa = PBXFileReference; lastKnownFileType = image.png; name = greenbar.png; path = Image/greenbar.png; sourceTree = "<group>"; };
		18AA96BE157C93380090CF4E /* greenbar@2x.png */ = {isa = PBXFileReference; lastKnownFileType = image.png; name = "greenbar@2x.png"; path = "Image/greenbar@2x.png"; sourceTree = "<group>"; };
		18AA96BF157C93380090CF4E /* greenbtnbak.png */ = {isa = PBXFileReference; lastKnownFileType = image.png; name = greenbtnbak.png; path = Image/greenbtnbak.png; sourceTree = "<group>"; };
		18AA96C0157C93380090CF4E /* greenbtnbak@2x.png */ = {isa = PBXFileReference; lastKnownFileType = image.png; name = "greenbtnbak@2x.png"; path = "Image/greenbtnbak@2x.png"; sourceTree = "<group>"; };
		18AA96C1157C93380090CF4E /* grntabbak.png */ = {isa = PBXFileReference; lastKnownFileType = image.png; name = grntabbak.png; path = Image/grntabbak.png; sourceTree = "<group>"; };
		18AA96C2157C93380090CF4E /* grntabbak@2x.png */ = {isa = PBXFileReference; lastKnownFileType = image.png; name = "grntabbak@2x.png"; path = "Image/grntabbak@2x.png"; sourceTree = "<group>"; };
		18AA96C3157C93380090CF4E /* help.png */ = {isa = PBXFileReference; lastKnownFileType = image.png; name = help.png; path = Image/help.png; sourceTree = "<group>"; };
		18AA96C4157C93380090CF4E /* help@2x.png */ = {isa = PBXFileReference; lastKnownFileType = image.png; name = "help@2x.png"; path = "Image/help@2x.png"; sourceTree = "<group>"; };
		18AA96C5157C93380090CF4E /* maohao.png */ = {isa = PBXFileReference; lastKnownFileType = image.png; name = maohao.png; path = Image/maohao.png; sourceTree = "<group>"; };
		18AA96C6157C93380090CF4E /* maohao@2x.png */ = {isa = PBXFileReference; lastKnownFileType = image.png; name = "maohao@2x.png"; path = "Image/maohao@2x.png"; sourceTree = "<group>"; };
		18AA96C7157C93380090CF4E /* microtomato.png */ = {isa = PBXFileReference; lastKnownFileType = image.png; name = microtomato.png; path = Image/microtomato.png; sourceTree = "<group>"; };
		18AA96C8157C93380090CF4E /* microtomato@2x.png */ = {isa = PBXFileReference; lastKnownFileType = image.png; name = "microtomato@2x.png"; path = "Image/microtomato@2x.png"; sourceTree = "<group>"; };
		18AA96C9157C93380090CF4E /* microtomatogrn.png */ = {isa = PBXFileReference; lastKnownFileType = image.png; name = microtomatogrn.png; path = Image/microtomatogrn.png; sourceTree = "<group>"; };
		18AA96CA157C93380090CF4E /* microtomatogrn@2x.png */ = {isa = PBXFileReference; lastKnownFileType = image.png; name = "microtomatogrn@2x.png"; path = "Image/microtomatogrn@2x.png"; sourceTree = "<group>"; };
		18AA96CB157C93380090CF4E /* redbar.png */ = {isa = PBXFileReference; lastKnownFileType = image.png; name = redbar.png; path = Image/redbar.png; sourceTree = "<group>"; };
		18AA96CC157C93380090CF4E /* redbar@2x.png */ = {isa = PBXFileReference; lastKnownFileType = image.png; name = "redbar@2x.png"; path = "Image/redbar@2x.png"; sourceTree = "<group>"; };
		18AA96CD157C93380090CF4E /* redbtnbak.png */ = {isa = PBXFileReference; lastKnownFileType = image.png; name = redbtnbak.png; path = Image/redbtnbak.png; sourceTree = "<group>"; };
		18AA96CE157C93380090CF4E /* redbtnbak@2x.png */ = {isa = PBXFileReference; lastKnownFileType = image.png; name = "redbtnbak@2x.png"; path = "Image/redbtnbak@2x.png"; sourceTree = "<group>"; };
		18AA96CF157C93380090CF4E /* searchbarbak.png */ = {isa = PBXFileReference; lastKnownFileType = image.png; name = searchbarbak.png; path = Image/searchbarbak.png; sourceTree = "<group>"; };
		18AA96D0157C93380090CF4E /* searchbarbak@2x.png */ = {isa = PBXFileReference; lastKnownFileType = image.png; name = "searchbarbak@2x.png"; path = "Image/searchbarbak@2x.png"; sourceTree = "<group>"; };
		18AA96D1157C93380090CF4E /* sectionbak.png */ = {isa = PBXFileReference; lastKnownFileType = image.png; name = sectionbak.png; path = Image/sectionbak.png; sourceTree = "<group>"; };
		18AA96D2157C93380090CF4E /* sectionbak@2x.png */ = {isa = PBXFileReference; lastKnownFileType = image.png; name = "sectionbak@2x.png"; path = "Image/sectionbak@2x.png"; sourceTree = "<group>"; };
		18AA96D3157C93380090CF4E /* smalltomato.png */ = {isa = PBXFileReference; lastKnownFileType = image.png; name = smalltomato.png; path = Image/smalltomato.png; sourceTree = "<group>"; };
		18AA96D4157C93380090CF4E /* smalltomato@2x.png */ = {isa = PBXFileReference; lastKnownFileType = image.png; name = "smalltomato@2x.png"; path = "Image/smalltomato@2x.png"; sourceTree = "<group>"; };
		18AA96D5157C93380090CF4E /* smalltomatogrn.png */ = {isa = PBXFileReference; lastKnownFileType = image.png; name = smalltomatogrn.png; path = Image/smalltomatogrn.png; sourceTree = "<group>"; };
		18AA96D6157C93380090CF4E /* smalltomatogrn@2x.png */ = {isa = PBXFileReference; lastKnownFileType = image.png; name = "smalltomatogrn@2x.png"; path = "Image/smalltomatogrn@2x.png"; sourceTree = "<group>"; };
		18AA96D7157C93380090CF4E /* sundaybak.png */ = {isa = PBXFileReference; lastKnownFileType = image.png; name = sundaybak.png; path = Image/sundaybak.png; sourceTree = "<group>"; };
		18AA96D8157C93380090CF4E /* sundaybak@2x.png */ = {isa = PBXFileReference; lastKnownFileType = image.png; name = "sundaybak@2x.png"; path = "Image/sundaybak@2x.png"; sourceTree = "<group>"; };
		18AA96D9157C93380090CF4E /* switch_left_off.png */ = {isa = PBXFileReference; lastKnownFileType = image.png; name = switch_left_off.png; path = Image/switch_left_off.png; sourceTree = "<group>"; };
		18AA96DA157C93380090CF4E /* switch_left_on.png */ = {isa = PBXFileReference; lastKnownFileType = image.png; name = switch_left_on.png; path = Image/switch_left_on.png; sourceTree = "<group>"; };
		18AA96DB157C93380090CF4E /* switch_right_off.png */ = {isa = PBXFileReference; lastKnownFileType = image.png; name = switch_right_off.png; path = Image/switch_right_off.png; sourceTree = "<group>"; };
		18AA96DC157C93380090CF4E /* switch_right_on.png */ = {isa = PBXFileReference; lastKnownFileType = image.png; name = switch_right_on.png; path = Image/switch_right_on.png; sourceTree = "<group>"; };
		18AA96DD157C93380090CF4E /* tabfootbak.png */ = {isa = PBXFileReference; lastKnownFileType = image.png; name = tabfootbak.png; path = Image/tabfootbak.png; sourceTree = "<group>"; };
		18AA96DE157C93380090CF4E /* tableviewbak.png */ = {isa = PBXFileReference; lastKnownFileType = image.png; name = tableviewbak.png; path = Image/tableviewbak.png; sourceTree = "<group>"; };
		18AA96DF157C93380090CF4E /* tableviewbak@2x.png */ = {isa = PBXFileReference; lastKnownFileType = image.png; name = "tableviewbak@2x.png"; path = "Image/tableviewbak@2x.png"; sourceTree = "<group>"; };
		18AA96E0157C93380090CF4E /* tenyeardiaryicon.png */ = {isa = PBXFileReference; lastKnownFileType = image.png; name = tenyeardiaryicon.png; path = Image/tenyeardiaryicon.png; sourceTree = "<group>"; };
		18AA96E1157C93380090CF4E /* tenyeardiaryicon@2x.png */ = {isa = PBXFileReference; lastKnownFileType = image.png; name = "tenyeardiaryicon@2x.png"; path = "Image/tenyeardiaryicon@2x.png"; sourceTree = "<group>"; };
		18AA96E2157C93380090CF4E /* todaybak.png */ = {isa = PBXFileReference; lastKnownFileType = image.png; name = todaybak.png; path = Image/todaybak.png; sourceTree = "<group>"; };
		18AA96E3157C93380090CF4E /* todaybak@2x.png */ = {isa = PBXFileReference; lastKnownFileType = image.png; name = "todaybak@2x.png"; path = "Image/todaybak@2x.png"; sourceTree = "<group>"; };
		18AA96E4157C93380090CF4E /* tomato.png */ = {isa = PBXFileReference; lastKnownFileType = image.png; name = tomato.png; path = Image/tomato.png; sourceTree = "<group>"; };
		18AA96E5157C93380090CF4E /* tripcheckericon.png */ = {isa = PBXFileReference; lastKnownFileType = image.png; name = tripcheckericon.png; path = Image/tripcheckericon.png; sourceTree = "<group>"; };
		18AA96E6157C93380090CF4E /* tripcheckericon@2x.png */ = {isa = PBXFileReference; lastKnownFileType = image.png; name = "tripcheckericon@2x.png"; path = "Image/tripcheckericon@2x.png"; sourceTree = "<group>"; };
		18AA96E7157C93380090CF4E /* viewbak.png */ = {isa = PBXFileReference; lastKnownFileType = image.png; name = viewbak.png; path = Image/viewbak.png; sourceTree = "<group>"; };
		18AA96E8157C93380090CF4E /* viewbak@2x.png */ = {isa = PBXFileReference; lastKnownFileType = image.png; name = "viewbak@2x.png"; path = "Image/viewbak@2x.png"; sourceTree = "<group>"; };
		18AA9737157D9E020090CF4E /* ko */ = {isa = PBXFileReference; lastKnownFileType = text.plist.strings; name = ko; path = ko.lproj/InfoPlist.strings; sourceTree = "<group>"; };
		18AA973B157D9F3E0090CF4E /* en */ = {isa = PBXFileReference; lastKnownFileType = text.plist.strings; name = en; path = en.lproj/Localizable.strings; sourceTree = "<group>"; };
		18AA973D157D9F440090CF4E /* zh-Hans */ = {isa = PBXFileReference; lastKnownFileType = text.plist.strings; name = "zh-Hans"; path = "zh-Hans.lproj/Localizable.strings"; sourceTree = "<group>"; };
		18AA973E157D9F470090CF4E /* ja */ = {isa = PBXFileReference; lastKnownFileType = text.plist.strings; name = ja; path = ja.lproj/Localizable.strings; sourceTree = "<group>"; };
		18AA973F157D9F480090CF4E /* ko */ = {isa = PBXFileReference; lastKnownFileType = text.plist.strings; name = ko; path = ko.lproj/Localizable.strings; sourceTree = "<group>"; };
		18AB28FE157C79E1007C3BF8 /* IGA05ViewController.h */ = {isa = PBXFileReference; fileEncoding = 4; lastKnownFileType = sourcecode.c.h; path = IGA05ViewController.h; sourceTree = "<group>"; };
		18AB28FF157C79E1007C3BF8 /* IGA05ViewController.m */ = {isa = PBXFileReference; fileEncoding = 4; lastKnownFileType = sourcecode.c.objc; path = IGA05ViewController.m; sourceTree = "<group>"; };
		18AFB921157463CC00A06B36 /* StopReason.h */ = {isa = PBXFileReference; fileEncoding = 4; lastKnownFileType = sourcecode.c.h; path = StopReason.h; sourceTree = "<group>"; };
		18AFB922157463CC00A06B36 /* StopReason.m */ = {isa = PBXFileReference; fileEncoding = 4; lastKnownFileType = sourcecode.c.objc; path = StopReason.m; sourceTree = "<group>"; };
		18AFB924157463CC00A06B36 /* TomatoName.h */ = {isa = PBXFileReference; fileEncoding = 4; lastKnownFileType = sourcecode.c.h; path = TomatoName.h; sourceTree = "<group>"; };
		18AFB925157463CC00A06B36 /* TomatoName.m */ = {isa = PBXFileReference; fileEncoding = 4; lastKnownFileType = sourcecode.c.objc; path = TomatoName.m; sourceTree = "<group>"; };
		18AFB927157463CC00A06B36 /* Config.h */ = {isa = PBXFileReference; fileEncoding = 4; lastKnownFileType = sourcecode.c.h; path = Config.h; sourceTree = "<group>"; };
		18AFB928157463CC00A06B36 /* Config.m */ = {isa = PBXFileReference; fileEncoding = 4; lastKnownFileType = sourcecode.c.objc; path = Config.m; sourceTree = "<group>"; };
		18DD74CA156DD7690049977D /* IGMainViewController.h */ = {isa = PBXFileReference; fileEncoding = 4; lastKnownFileType = sourcecode.c.h; path = IGMainViewController.h; sourceTree = "<group>"; };
		18DD74CB156DD7690049977D /* IGMainViewController.m */ = {isa = PBXFileReference; fileEncoding = 4; lastKnownFileType = sourcecode.c.objc; path = IGMainViewController.m; sourceTree = "<group>"; };
		18DD74D1156DD92C0049977D /* IGCommonDefine.h */ = {isa = PBXFileReference; fileEncoding = 4; lastKnownFileType = sourcecode.c.h; path = IGCommonDefine.h; sourceTree = "<group>"; };
		18DD74D2156DD92C0049977D /* IGCommonDefine.m */ = {isa = PBXFileReference; fileEncoding = 4; lastKnownFileType = sourcecode.c.objc; path = IGCommonDefine.m; sourceTree = "<group>"; };
		18DD74D7156DDCB80049977D /* IGA01ViewController.h */ = {isa = PBXFileReference; fileEncoding = 4; lastKnownFileType = sourcecode.c.h; path = IGA01ViewController.h; sourceTree = "<group>"; };
		18DD74D8156DDCB80049977D /* IGA01ViewController.m */ = {isa = PBXFileReference; fileEncoding = 4; lastKnownFileType = sourcecode.c.objc; path = IGA01ViewController.m; sourceTree = "<group>"; };
		18DD74DA156DDCC70049977D /* IGA02ViewController.h */ = {isa = PBXFileReference; fileEncoding = 4; lastKnownFileType = sourcecode.c.h; path = IGA02ViewController.h; sourceTree = "<group>"; };
		18DD74DB156DDCC70049977D /* IGA02ViewController.m */ = {isa = PBXFileReference; fileEncoding = 4; lastKnownFileType = sourcecode.c.objc; path = IGA02ViewController.m; sourceTree = "<group>"; };
		18DD74DD156DDCEB0049977D /* IGA03ViewController.h */ = {isa = PBXFileReference; fileEncoding = 4; lastKnownFileType = sourcecode.c.h; path = IGA03ViewController.h; sourceTree = "<group>"; };
		18DD74DE156DDCEB0049977D /* IGA03ViewController.m */ = {isa = PBXFileReference; fileEncoding = 4; lastKnownFileType = sourcecode.c.objc; path = IGA03ViewController.m; sourceTree = "<group>"; };
		18DD74E0156DE3DB0049977D /* IGBusinessUtil.m */ = {isa = PBXFileReference; fileEncoding = 4; lastKnownFileType = sourcecode.c.objc; path = IGBusinessUtil.m; sourceTree = "<group>"; };
		18DD74E1156DE3DB0049977D /* IGBusinessUtil.h */ = {isa = PBXFileReference; fileEncoding = 4; lastKnownFileType = sourcecode.c.h; path = IGBusinessUtil.h; sourceTree = "<group>"; };
		18DD74E3156DE3ED0049977D /* IGLabel.m */ = {isa = PBXFileReference; fileEncoding = 4; lastKnownFileType = sourcecode.c.objc; path = IGLabel.m; sourceTree = "<group>"; };
		18DD74E4156DE3ED0049977D /* IGTextField.m */ = {isa = PBXFileReference; fileEncoding = 4; lastKnownFileType = sourcecode.c.objc; path = IGTextField.m; sourceTree = "<group>"; };
		18DD74E5156DE3ED0049977D /* IGUISegmentedControl.m */ = {isa = PBXFileReference; fileEncoding = 4; lastKnownFileType = sourcecode.c.objc; path = IGUISegmentedControl.m; sourceTree = "<group>"; };
		18DD74E6156DE3ED0049977D /* NSDate+Helper.m */ = {isa = PBXFileReference; fileEncoding = 4; lastKnownFileType = sourcecode.c.objc; path = "NSDate+Helper.m"; sourceTree = "<group>"; };
		18DD74E7156DE3ED0049977D /* UIUtil.m */ = {isa = PBXFileReference; fileEncoding = 4; lastKnownFileType = sourcecode.c.objc; path = UIUtil.m; sourceTree = "<group>"; };
		18DD74E8156DE3ED0049977D /* IGLabel.h */ = {isa = PBXFileReference; fileEncoding = 4; lastKnownFileType = sourcecode.c.h; path = IGLabel.h; sourceTree = "<group>"; };
		18DD74E9156DE3ED0049977D /* IGTextField.h */ = {isa = PBXFileReference; fileEncoding = 4; lastKnownFileType = sourcecode.c.h; path = IGTextField.h; sourceTree = "<group>"; };
		18DD74EA156DE3ED0049977D /* IGUISegmentedControl.h */ = {isa = PBXFileReference; fileEncoding = 4; lastKnownFileType = sourcecode.c.h; path = IGUISegmentedControl.h; sourceTree = "<group>"; };
		18DD74EB156DE3ED0049977D /* NSDate+Helper.h */ = {isa = PBXFileReference; fileEncoding = 4; lastKnownFileType = sourcecode.c.h; path = "NSDate+Helper.h"; sourceTree = "<group>"; };
		18DD74EC156DE3ED0049977D /* UIUtil.h */ = {isa = PBXFileReference; fileEncoding = 4; lastKnownFileType = sourcecode.c.h; path = UIUtil.h; sourceTree = "<group>"; };
		18DE47BF157477770079846C /* IGT002.xcdatamodel */ = {isa = PBXFileReference; lastKnownFileType = wrapper.xcdatamodel; path = IGT002.xcdatamodel; sourceTree = "<group>"; };
		18DE47C61574AEA80079846C /* Tomato+Helper.h */ = {isa = PBXFileReference; fileEncoding = 4; lastKnownFileType = sourcecode.c.h; path = "Tomato+Helper.h"; sourceTree = "<group>"; };
		18DE47C71574AEA80079846C /* Tomato+Helper.m */ = {isa = PBXFileReference; fileEncoding = 4; lastKnownFileType = sourcecode.c.objc; path = "Tomato+Helper.m"; sourceTree = "<group>"; };
		18E755E6156F6550001598BF /* IGCalendarController.m */ = {isa = PBXFileReference; fileEncoding = 4; lastKnownFileType = sourcecode.c.objc; path = IGCalendarController.m; sourceTree = "<group>"; };
		18E755E7156F6550001598BF /* IGCalendarWeekCellControllerCell.m */ = {isa = PBXFileReference; fileEncoding = 4; lastKnownFileType = sourcecode.c.objc; path = IGCalendarWeekCellControllerCell.m; sourceTree = "<group>"; };
		18E755E8156F6550001598BF /* IGDateUtil.m */ = {isa = PBXFileReference; fileEncoding = 4; lastKnownFileType = sourcecode.c.objc; path = IGDateUtil.m; sourceTree = "<group>"; };
		18E75626156F6550001598BF /* IGCalendarController.h */ = {isa = PBXFileReference; fileEncoding = 4; lastKnownFileType = sourcecode.c.h; path = IGCalendarController.h; sourceTree = "<group>"; };
		18E75627156F6550001598BF /* IGCalendarWeekCellControllerCell.h */ = {isa = PBXFileReference; fileEncoding = 4; lastKnownFileType = sourcecode.c.h; path = IGCalendarWeekCellControllerCell.h; sourceTree = "<group>"; };
		18E75628156F6550001598BF /* IGDateUtil.h */ = {isa = PBXFileReference; fileEncoding = 4; lastKnownFileType = sourcecode.c.h; path = IGDateUtil.h; sourceTree = "<group>"; };
		18E75667156F7334001598BF /* UIColor+IGColor.h */ = {isa = PBXFileReference; fileEncoding = 4; lastKnownFileType = sourcecode.c.h; path = "UIColor+IGColor.h"; sourceTree = "<group>"; };
		18E75668156F7335001598BF /* UIColor+IGColor.m */ = {isa = PBXFileReference; fileEncoding = 4; lastKnownFileType = sourcecode.c.objc; path = "UIColor+IGColor.m"; sourceTree = "<group>"; };
		18E7568515731189001598BF /* IGTomatoListController.h */ = {isa = PBXFileReference; fileEncoding = 4; lastKnownFileType = sourcecode.c.h; path = IGTomatoListController.h; sourceTree = "<group>"; };
		18E7568615731189001598BF /* IGTomatoListController.m */ = {isa = PBXFileReference; fileEncoding = 4; lastKnownFileType = sourcecode.c.objc; path = IGTomatoListController.m; sourceTree = "<group>"; };
		D7915DDD1573A25D00378A1A /* IGCoreDataUtil.h */ = {isa = PBXFileReference; fileEncoding = 4; lastKnownFileType = sourcecode.c.h; path = IGCoreDataUtil.h; sourceTree = "<group>"; };
		D7915DDE1573A25D00378A1A /* IGCoreDataUtil.m */ = {isa = PBXFileReference; fileEncoding = 4; lastKnownFileType = sourcecode.c.objc; path = IGCoreDataUtil.m; sourceTree = "<group>"; };
		D7915DE01573A40200378A1A /* CoreData.framework */ = {isa = PBXFileReference; lastKnownFileType = wrapper.framework; name = CoreData.framework; path = System/Library/Frameworks/CoreData.framework; sourceTree = SDKROOT; };
		D7915DF11573B05500378A1A /* IGTomatoUtil.h */ = {isa = PBXFileReference; fileEncoding = 4; lastKnownFileType = sourcecode.c.h; path = IGTomatoUtil.h; sourceTree = "<group>"; };
		D7915DF21573B05500378A1A /* IGTomatoUtil.m */ = {isa = PBXFileReference; fileEncoding = 4; lastKnownFileType = sourcecode.c.objc; path = IGTomatoUtil.m; sourceTree = "<group>"; };
		D791676D156FD48A00E99ED3 /* IGA04ViewController.h */ = {isa = PBXFileReference; fileEncoding = 4; lastKnownFileType = sourcecode.c.h; path = IGA04ViewController.h; sourceTree = "<group>"; };
		D791676E156FD48A00E99ED3 /* IGA04ViewController.m */ = {isa = PBXFileReference; fileEncoding = 4; lastKnownFileType = sourcecode.c.objc; path = IGA04ViewController.m; sourceTree = "<group>"; };
		E27DDFF9156F2430008B97E3 /* IGTextSelector.h */ = {isa = PBXFileReference; fileEncoding = 4; lastKnownFileType = sourcecode.c.h; path = IGTextSelector.h; sourceTree = "<group>"; };
		E27DDFFA156F2430008B97E3 /* IGTextSelector.m */ = {isa = PBXFileReference; fileEncoding = 4; lastKnownFileType = sourcecode.c.objc; path = IGTextSelector.m; sourceTree = "<group>"; };
/* End PBXFileReference section */

/* Begin PBXFrameworksBuildPhase section */
		184E02E1156C85DA00DD6A1B /* Frameworks */ = {
			isa = PBXFrameworksBuildPhase;
			buildActionMask = 2147483647;
			files = (
				1889BA1E15773736004B1455 /* AVFoundation.framework in Frameworks */,
				D7915DE11573A40200378A1A /* CoreData.framework in Frameworks */,
				189744A615732BC7000BA50A /* MessageUI.framework in Frameworks */,
				184E02E9156C85DA00DD6A1B /* UIKit.framework in Frameworks */,
				184E02EB156C85DA00DD6A1B /* Foundation.framework in Frameworks */,
				184E02ED156C85DA00DD6A1B /* CoreGraphics.framework in Frameworks */,
			);
			runOnlyForDeploymentPostprocessing = 0;
		};
/* End PBXFrameworksBuildPhase section */

/* Begin PBXGroup section */
		184E02D9156C85D900DD6A1B = {
			isa = PBXGroup;
			children = (
				1889BA25157774B0004B1455 /* ring.mp3 */,
				1889BA1815772DA3004B1455 /* xbwq.mp3 */,
				184E02EE156C85DA00DD6A1B /* IGT002 */,
				184E02E7156C85DA00DD6A1B /* Frameworks */,
				184E02E5156C85DA00DD6A1B /* Products */,
			);
			sourceTree = "<group>";
		};
		184E02E5156C85DA00DD6A1B /* Products */ = {
			isa = PBXGroup;
			children = (
				184E02E4156C85DA00DD6A1B /* IGT002.app */,
			);
			name = Products;
			sourceTree = "<group>";
		};
		184E02E7156C85DA00DD6A1B /* Frameworks */ = {
			isa = PBXGroup;
			children = (
				1889BA1D15773735004B1455 /* AVFoundation.framework */,
				D7915DE01573A40200378A1A /* CoreData.framework */,
				189744A515732BC7000BA50A /* MessageUI.framework */,
				184E02E8156C85DA00DD6A1B /* UIKit.framework */,
				184E02EA156C85DA00DD6A1B /* Foundation.framework */,
				184E02EC156C85DA00DD6A1B /* CoreGraphics.framework */,
			);
			name = Frameworks;
			sourceTree = "<group>";
		};
		184E02EE156C85DA00DD6A1B /* IGT002 */ = {
			isa = PBXGroup;
			children = (
				18078AA21584E6CD008BFC3A /* Icon.png */,
				18078AA31584E6CD008BFC3A /* Icon@2x.png */,
				18575E70157BA71400B5A9FD /* Default.png */,
				18575E71157BA71400B5A9FD /* Default@2x.png */,
				184E0315156C8BE900DD6A1B /* DB */,
				184E0314156C8BE300DD6A1B /* Image */,
				184E0313156C8BDD00DD6A1B /* Util */,
				184E0311156C8BD600DD6A1B /* Common */,
				184E02F7156C85DA00DD6A1B /* IGAppDelegate.h */,
				184E02F8156C85DA00DD6A1B /* IGAppDelegate.m */,
				184E02FA156C85DA00DD6A1B /* IGViewController.h */,
				184E02FB156C85DA00DD6A1B /* IGViewController.m */,
				184E02FD156C85DB00DD6A1B /* IGViewController.xib */,
				184E02EF156C85DA00DD6A1B /* Supporting Files */,
				18DD74CA156DD7690049977D /* IGMainViewController.h */,
				18DD74CB156DD7690049977D /* IGMainViewController.m */,
				18DD74D7156DDCB80049977D /* IGA01ViewController.h */,
				18DD74D8156DDCB80049977D /* IGA01ViewController.m */,
				18DD74DA156DDCC70049977D /* IGA02ViewController.h */,
				18DD74DB156DDCC70049977D /* IGA02ViewController.m */,
				18DD74DD156DDCEB0049977D /* IGA03ViewController.h */,
				18DD74DE156DDCEB0049977D /* IGA03ViewController.m */,
				D791676D156FD48A00E99ED3 /* IGA04ViewController.h */,
				D791676E156FD48A00E99ED3 /* IGA04ViewController.m */,
				18AB28FE157C79E1007C3BF8 /* IGA05ViewController.h */,
				18AB28FF157C79E1007C3BF8 /* IGA05ViewController.m */,
			);
			path = IGT002;
			sourceTree = "<group>";
		};
		184E02EF156C85DA00DD6A1B /* Supporting Files */ = {
			isa = PBXGroup;
			children = (
				184E02F0156C85DA00DD6A1B /* IGT002-Info.plist */,
				184E02F1156C85DA00DD6A1B /* InfoPlist.strings */,
				184E02F4156C85DA00DD6A1B /* main.m */,
				184E02F6156C85DA00DD6A1B /* IGT002-Prefix.pch */,
				18AA973C157D9F3E0090CF4E /* Localizable.strings */,
			);
			name = "Supporting Files";
			sourceTree = "<group>";
		};
		184E0311156C8BD600DD6A1B /* Common */ = {
			isa = PBXGroup;
			children = (
				18E75626156F6550001598BF /* IGCalendarController.h */,
				18E755E6156F6550001598BF /* IGCalendarController.m */,
				18E7568515731189001598BF /* IGTomatoListController.h */,
				18E7568615731189001598BF /* IGTomatoListController.m */,
				18E75627156F6550001598BF /* IGCalendarWeekCellControllerCell.h */,
				18E755E7156F6550001598BF /* IGCalendarWeekCellControllerCell.m */,
				18E75628156F6550001598BF /* IGDateUtil.h */,
				18E755E8156F6550001598BF /* IGDateUtil.m */,
				E27DDFF9156F2430008B97E3 /* IGTextSelector.h */,
				E27DDFFA156F2430008B97E3 /* IGTextSelector.m */,
				189F962E156E14B7007E3927 /* DelayedAlarmViewController.m */,
				189F962F156E14B7007E3927 /* DelayedAlarmViewController.h */,
				18DD74E3156DE3ED0049977D /* IGLabel.m */,
				18DD74E4156DE3ED0049977D /* IGTextField.m */,
				18DD74E5156DE3ED0049977D /* IGUISegmentedControl.m */,
				18DD74EB156DE3ED0049977D /* NSDate+Helper.h */,
				18DD74E6156DE3ED0049977D /* NSDate+Helper.m */,
				18DD74E7156DE3ED0049977D /* UIUtil.m */,
				18DD74E8156DE3ED0049977D /* IGLabel.h */,
				18DD74E9156DE3ED0049977D /* IGTextField.h */,
				18DD74EA156DE3ED0049977D /* IGUISegmentedControl.h */,
				18DD74EC156DE3ED0049977D /* UIUtil.h */,
				18DD74D1156DD92C0049977D /* IGCommonDefine.h */,
				18DD74D2156DD92C0049977D /* IGCommonDefine.m */,
				18E75667156F7334001598BF /* UIColor+IGColor.h */,
				18E75668156F7335001598BF /* UIColor+IGColor.m */,
			);
			name = Common;
			sourceTree = "<group>";
		};
		184E0313156C8BDD00DD6A1B /* Util */ = {
			isa = PBXGroup;
			children = (
				D7915DF11573B05500378A1A /* IGTomatoUtil.h */,
				D7915DF21573B05500378A1A /* IGTomatoUtil.m */,
				D7915DDD1573A25D00378A1A /* IGCoreDataUtil.h */,
				D7915DDE1573A25D00378A1A /* IGCoreDataUtil.m */,
				18DD74E0156DE3DB0049977D /* IGBusinessUtil.m */,
				18DD74E1156DE3DB0049977D /* IGBusinessUtil.h */,
			);
			name = Util;
			sourceTree = "<group>";
		};
		184E0314156C8BE300DD6A1B /* Image */ = {
			isa = PBXGroup;
			children = (
				18AA96A0157C93380090CF4E /* 0.png */,
				18AA96A1157C93380090CF4E /* 0@2x.png */,
				18AA96A2157C93380090CF4E /* 1.png */,
				18AA96A3157C93380090CF4E /* 1@2x.png */,
				18AA96A4157C93380090CF4E /* 2.png */,
				18AA96A5157C93380090CF4E /* 2@2x.png */,
				18AA96A6157C93380090CF4E /* 3.png */,
				18AA96A7157C93380090CF4E /* 3@2x.png */,
				18AA96A8157C93380090CF4E /* 4.png */,
				18AA96A9157C93380090CF4E /* 4@2x.png */,
				18AA96AA157C93380090CF4E /* 5.png */,
				18AA96AB157C93380090CF4E /* 5@2x.png */,
				18AA96AC157C93380090CF4E /* 6.png */,
				18AA96AD157C93380090CF4E /* 6@2x.png */,
				18AA96AE157C93380090CF4E /* 7.png */,
				18AA96AF157C93380090CF4E /* 7@2x.png */,
				18AA96B0157C93380090CF4E /* 8.png */,
				18AA96B1157C93380090CF4E /* 8@2x.png */,
				18AA96B2157C93380090CF4E /* 9.png */,
				18AA96B3157C93380090CF4E /* 9@2x.png */,
				18AA96B4157C93380090CF4E /* appraisebutton.png */,
				18AA96B5157C93380090CF4E /* appraisebutton@2x.png */,
				18AA96B6157C93380090CF4E /* btnbak.png */,
				18AA96B7157C93380090CF4E /* btnbak@2x.png */,
				18AA96B8157C93380090CF4E /* cellbak.png */,
				18AA96B9157C93380090CF4E /* cellbak@2x.png */,
				18AA96BA157C93380090CF4E /* daybak.png */,
				18AA96BB157C93380090CF4E /* daybak@2x.png */,
				18AA96BC157C93380090CF4E /* goback.png */,
				18AA96BD157C93380090CF4E /* greenbar.png */,
				18AA96BE157C93380090CF4E /* greenbar@2x.png */,
				18AA96BF157C93380090CF4E /* greenbtnbak.png */,
				18AA96C0157C93380090CF4E /* greenbtnbak@2x.png */,
				18AA96C1157C93380090CF4E /* grntabbak.png */,
				18AA96C2157C93380090CF4E /* grntabbak@2x.png */,
				18AA96C3157C93380090CF4E /* help.png */,
				18AA96C4157C93380090CF4E /* help@2x.png */,
				18AA96C5157C93380090CF4E /* maohao.png */,
				18AA96C6157C93380090CF4E /* maohao@2x.png */,
				18AA96C7157C93380090CF4E /* microtomato.png */,
				18AA96C8157C93380090CF4E /* microtomato@2x.png */,
				18AA96C9157C93380090CF4E /* microtomatogrn.png */,
				18AA96CA157C93380090CF4E /* microtomatogrn@2x.png */,
				18AA96CB157C93380090CF4E /* redbar.png */,
				18AA96CC157C93380090CF4E /* redbar@2x.png */,
				18AA96CD157C93380090CF4E /* redbtnbak.png */,
				18AA96CE157C93380090CF4E /* redbtnbak@2x.png */,
				18AA96CF157C93380090CF4E /* searchbarbak.png */,
				18AA96D0157C93380090CF4E /* searchbarbak@2x.png */,
				18AA96D1157C93380090CF4E /* sectionbak.png */,
				18AA96D2157C93380090CF4E /* sectionbak@2x.png */,
				18AA96D3157C93380090CF4E /* smalltomato.png */,
				18AA96D4157C93380090CF4E /* smalltomato@2x.png */,
				18AA96D5157C93380090CF4E /* smalltomatogrn.png */,
				18AA96D6157C93380090CF4E /* smalltomatogrn@2x.png */,
				18AA96D7157C93380090CF4E /* sundaybak.png */,
				18AA96D8157C93380090CF4E /* sundaybak@2x.png */,
				18AA96D9157C93380090CF4E /* switch_left_off.png */,
				18AA96DA157C93380090CF4E /* switch_left_on.png */,
				18AA96DB157C93380090CF4E /* switch_right_off.png */,
				18AA96DC157C93380090CF4E /* switch_right_on.png */,
				18AA96DD157C93380090CF4E /* tabfootbak.png */,
				18AA96DE157C93380090CF4E /* tableviewbak.png */,
				18AA96DF157C93380090CF4E /* tableviewbak@2x.png */,
				18AA96E0157C93380090CF4E /* tenyeardiaryicon.png */,
				18AA96E1157C93380090CF4E /* tenyeardiaryicon@2x.png */,
				18AA96E2157C93380090CF4E /* todaybak.png */,
				18AA96E3157C93380090CF4E /* todaybak@2x.png */,
				18AA96E4157C93380090CF4E /* tomato.png */,
				18AA96E5157C93380090CF4E /* tripcheckericon.png */,
				18AA96E6157C93380090CF4E /* tripcheckericon@2x.png */,
				18AA96E7157C93380090CF4E /* viewbak.png */,
				18AA96E8157C93380090CF4E /* viewbak@2x.png */,
			);
			name = Image;
			sourceTree = "<group>";
		};
		184E0315156C8BE900DD6A1B /* DB */ = {
			isa = PBXGroup;
			children = (
				1889BA2215774971004B1455 /* Tomato.h */,
				1889BA2315774971004B1455 /* Tomato.m */,
				18DE47C51574AE870079846C /* Helper */,
				18DE47BE157477770079846C /* IGT002.xcdatamodeld */,
				18AFB927157463CC00A06B36 /* Config.h */,
				18AFB928157463CC00A06B36 /* Config.m */,
				18AFB924157463CC00A06B36 /* TomatoName.h */,
				18AFB925157463CC00A06B36 /* TomatoName.m */,
				18AFB921157463CC00A06B36 /* StopReason.h */,
				18AFB922157463CC00A06B36 /* StopReason.m */,
				1889BA12157714D0004B1455 /* Calendar.h */,
				1889BA13157714D0004B1455 /* Calendar.m */,
			);
			name = DB;
			sourceTree = "<group>";
		};
		18DE47C51574AE870079846C /* Helper */ = {
			isa = PBXGroup;
			children = (
				18DE47C61574AEA80079846C /* Tomato+Helper.h */,
				18DE47C71574AEA80079846C /* Tomato+Helper.m */,
			);
			name = Helper;
			sourceTree = "<group>";
		};
/* End PBXGroup section */

/* Begin PBXNativeTarget section */
		184E02E3156C85DA00DD6A1B /* IGT002 */ = {
			isa = PBXNativeTarget;
			buildConfigurationList = 184E0302156C85DB00DD6A1B /* Build configuration list for PBXNativeTarget "IGT002" */;
			buildPhases = (
				184E02E0156C85DA00DD6A1B /* Sources */,
				184E02E1156C85DA00DD6A1B /* Frameworks */,
				184E02E2156C85DA00DD6A1B /* Resources */,
			);
			buildRules = (
			);
			dependencies = (
			);
			name = IGT002;
			productName = IGT002;
			productReference = 184E02E4156C85DA00DD6A1B /* IGT002.app */;
			productType = "com.apple.product-type.application";
		};
/* End PBXNativeTarget section */

/* Begin PBXProject section */
		184E02DB156C85D900DD6A1B /* Project object */ = {
			isa = PBXProject;
			attributes = {
				CLASSPREFIX = IG;
				LastUpgradeCheck = 0430;
			};
			buildConfigurationList = 184E02DE156C85D900DD6A1B /* Build configuration list for PBXProject "IGT002" */;
			compatibilityVersion = "Xcode 3.2";
			developmentRegion = English;
			hasScannedForEncodings = 0;
			knownRegions = (
				en,
				"zh-Hans",
				ja,
				ko,
			);
			mainGroup = 184E02D9156C85D900DD6A1B;
			productRefGroup = 184E02E5156C85DA00DD6A1B /* Products */;
			projectDirPath = "";
			projectRoot = "";
			targets = (
				184E02E3156C85DA00DD6A1B /* IGT002 */,
			);
		};
/* End PBXProject section */

/* Begin PBXResourcesBuildPhase section */
		184E02E2156C85DA00DD6A1B /* Resources */ = {
			isa = PBXResourcesBuildPhase;
			buildActionMask = 2147483647;
			files = (
				184E02F3156C85DA00DD6A1B /* InfoPlist.strings in Resources */,
				184E02FF156C85DB00DD6A1B /* IGViewController.xib in Resources */,
				1889BA1915772DA4004B1455 /* xbwq.mp3 in Resources */,
				1889BA26157774B0004B1455 /* ring.mp3 in Resources */,
				18575E72157BA71400B5A9FD /* Default.png in Resources */,
				18575E73157BA71400B5A9FD /* Default@2x.png in Resources */,
				18AA96E9157C93390090CF4E /* 0.png in Resources */,
				18AA96EA157C93390090CF4E /* 0@2x.png in Resources */,
				18AA96EB157C93390090CF4E /* 1.png in Resources */,
				18AA96EC157C93390090CF4E /* 1@2x.png in Resources */,
				18AA96ED157C93390090CF4E /* 2.png in Resources */,
				18AA96EE157C93390090CF4E /* 2@2x.png in Resources */,
				18AA96EF157C93390090CF4E /* 3.png in Resources */,
				18AA96F0157C93390090CF4E /* 3@2x.png in Resources */,
				18AA96F1157C93390090CF4E /* 4.png in Resources */,
				18AA96F2157C93390090CF4E /* 4@2x.png in Resources */,
				18AA96F3157C93390090CF4E /* 5.png in Resources */,
				18AA96F4157C93390090CF4E /* 5@2x.png in Resources */,
				18AA96F5157C93390090CF4E /* 6.png in Resources */,
				18AA96F6157C93390090CF4E /* 6@2x.png in Resources */,
				18AA96F7157C93390090CF4E /* 7.png in Resources */,
				18AA96F8157C93390090CF4E /* 7@2x.png in Resources */,
				18AA96F9157C93390090CF4E /* 8.png in Resources */,
				18AA96FA157C93390090CF4E /* 8@2x.png in Resources */,
				18AA96FB157C93390090CF4E /* 9.png in Resources */,
				18AA96FC157C93390090CF4E /* 9@2x.png in Resources */,
				18AA96FD157C93390090CF4E /* appraisebutton.png in Resources */,
				18AA96FE157C93390090CF4E /* appraisebutton@2x.png in Resources */,
				18AA96FF157C93390090CF4E /* btnbak.png in Resources */,
				18AA9700157C93390090CF4E /* btnbak@2x.png in Resources */,
				18AA9701157C93390090CF4E /* cellbak.png in Resources */,
				18AA9702157C93390090CF4E /* cellbak@2x.png in Resources */,
				18AA9703157C93390090CF4E /* daybak.png in Resources */,
				18AA9704157C93390090CF4E /* daybak@2x.png in Resources */,
				18AA9705157C93390090CF4E /* goback.png in Resources */,
				18AA9706157C93390090CF4E /* greenbar.png in Resources */,
				18AA9707157C93390090CF4E /* greenbar@2x.png in Resources */,
				18AA9708157C93390090CF4E /* greenbtnbak.png in Resources */,
				18AA9709157C93390090CF4E /* greenbtnbak@2x.png in Resources */,
				18AA970A157C93390090CF4E /* grntabbak.png in Resources */,
				18AA970B157C93390090CF4E /* grntabbak@2x.png in Resources */,
				18AA970C157C93390090CF4E /* help.png in Resources */,
				18AA970D157C93390090CF4E /* help@2x.png in Resources */,
				18AA970E157C93390090CF4E /* maohao.png in Resources */,
				18AA970F157C93390090CF4E /* maohao@2x.png in Resources */,
				18AA9710157C93390090CF4E /* microtomato.png in Resources */,
				18AA9711157C93390090CF4E /* microtomato@2x.png in Resources */,
				18AA9712157C93390090CF4E /* microtomatogrn.png in Resources */,
				18AA9713157C93390090CF4E /* microtomatogrn@2x.png in Resources */,
				18AA9714157C93390090CF4E /* redbar.png in Resources */,
				18AA9715157C93390090CF4E /* redbar@2x.png in Resources */,
				18AA9716157C93390090CF4E /* redbtnbak.png in Resources */,
				18AA9717157C93390090CF4E /* redbtnbak@2x.png in Resources */,
				18AA9718157C93390090CF4E /* searchbarbak.png in Resources */,
				18AA9719157C93390090CF4E /* searchbarbak@2x.png in Resources */,
				18AA971A157C93390090CF4E /* sectionbak.png in Resources */,
				18AA971B157C93390090CF4E /* sectionbak@2x.png in Resources */,
				18AA971C157C93390090CF4E /* smalltomato.png in Resources */,
				18AA971D157C93390090CF4E /* smalltomato@2x.png in Resources */,
				18AA971E157C93390090CF4E /* smalltomatogrn.png in Resources */,
				18AA971F157C93390090CF4E /* smalltomatogrn@2x.png in Resources */,
				18AA9720157C93390090CF4E /* sundaybak.png in Resources */,
				18AA9721157C93390090CF4E /* sundaybak@2x.png in Resources */,
				18AA9722157C93390090CF4E /* switch_left_off.png in Resources */,
				18AA9723157C93390090CF4E /* switch_left_on.png in Resources */,
				18AA9724157C93390090CF4E /* switch_right_off.png in Resources */,
				18AA9725157C93390090CF4E /* switch_right_on.png in Resources */,
				18AA9726157C93390090CF4E /* tabfootbak.png in Resources */,
				18AA9727157C93390090CF4E /* tableviewbak.png in Resources */,
				18AA9728157C93390090CF4E /* tableviewbak@2x.png in Resources */,
				18AA9729157C93390090CF4E /* tenyeardiaryicon.png in Resources */,
				18AA972A157C93390090CF4E /* tenyeardiaryicon@2x.png in Resources */,
				18AA972B157C93390090CF4E /* todaybak.png in Resources */,
				18AA972C157C93390090CF4E /* todaybak@2x.png in Resources */,
				18AA972D157C93390090CF4E /* tomato.png in Resources */,
				18AA972E157C93390090CF4E /* tripcheckericon.png in Resources */,
				18AA972F157C93390090CF4E /* tripcheckericon@2x.png in Resources */,
				18AA9730157C93390090CF4E /* viewbak.png in Resources */,
				18AA9731157C93390090CF4E /* viewbak@2x.png in Resources */,
				18AA973A157D9F3E0090CF4E /* Localizable.strings in Resources */,
				18078AA41584E6CD008BFC3A /* Icon.png in Resources */,
				18078AA51584E6CD008BFC3A /* Icon@2x.png in Resources */,
			);
			runOnlyForDeploymentPostprocessing = 0;
		};
/* End PBXResourcesBuildPhase section */

/* Begin PBXSourcesBuildPhase section */
		184E02E0156C85DA00DD6A1B /* Sources */ = {
			isa = PBXSourcesBuildPhase;
			buildActionMask = 2147483647;
			files = (
				184E02F5156C85DA00DD6A1B /* main.m in Sources */,
				184E02F9156C85DA00DD6A1B /* IGAppDelegate.m in Sources */,
				184E02FC156C85DA00DD6A1B /* IGViewController.m in Sources */,
				18DD74CC156DD7690049977D /* IGMainViewController.m in Sources */,
				18DD74D3156DD92C0049977D /* IGCommonDefine.m in Sources */,
				18DD74D9156DDCB80049977D /* IGA01ViewController.m in Sources */,
				18DD74DC156DDCC70049977D /* IGA02ViewController.m in Sources */,
				18DD74DF156DDCEB0049977D /* IGA03ViewController.m in Sources */,
				18DD74E2156DE3DB0049977D /* IGBusinessUtil.m in Sources */,
				18DD74ED156DE3ED0049977D /* IGLabel.m in Sources */,
				18DD74EE156DE3ED0049977D /* IGTextField.m in Sources */,
				18DD74EF156DE3ED0049977D /* IGUISegmentedControl.m in Sources */,
				18DD74F0156DE3ED0049977D /* NSDate+Helper.m in Sources */,
				18DD74F1156DE3ED0049977D /* UIUtil.m in Sources */,
				189F9630156E14B7007E3927 /* DelayedAlarmViewController.m in Sources */,
				E27DDFFB156F2430008B97E3 /* IGTextSelector.m in Sources */,
				18E75629156F6550001598BF /* IGCalendarController.m in Sources */,
				18E7562A156F6550001598BF /* IGCalendarWeekCellControllerCell.m in Sources */,
				18E7562B156F6550001598BF /* IGDateUtil.m in Sources */,
				18E75669156F7335001598BF /* UIColor+IGColor.m in Sources */,
				D791676F156FD48A00E99ED3 /* IGA04ViewController.m in Sources */,
				18E7568715731189001598BF /* IGTomatoListController.m in Sources */,
				D7915DDF1573A25D00378A1A /* IGCoreDataUtil.m in Sources */,
				D7915DF31573B05600378A1A /* IGTomatoUtil.m in Sources */,
				18AFB923157463CC00A06B36 /* StopReason.m in Sources */,
				18AFB926157463CC00A06B36 /* TomatoName.m in Sources */,
				18AFB929157463CC00A06B36 /* Config.m in Sources */,
				18DE47C0157477770079846C /* IGT002.xcdatamodeld in Sources */,
				18DE47C81574AEA80079846C /* Tomato+Helper.m in Sources */,
				1889BA14157714D0004B1455 /* Calendar.m in Sources */,
				1889BA2415774972004B1455 /* Tomato.m in Sources */,
				18AB2900157C79E1007C3BF8 /* IGA05ViewController.m in Sources */,
			);
			runOnlyForDeploymentPostprocessing = 0;
		};
/* End PBXSourcesBuildPhase section */

/* Begin PBXVariantGroup section */
		184E02F1156C85DA00DD6A1B /* InfoPlist.strings */ = {
			isa = PBXVariantGroup;
			children = (
				184E02F2156C85DA00DD6A1B /* en */,
				18575E78157BA84A00B5A9FD /* zh-Hans */,
				18575E79157BA84D00B5A9FD /* ja */,
				18AA9737157D9E020090CF4E /* ko */,
			);
			name = InfoPlist.strings;
			sourceTree = "<group>";
		};
		184E02FD156C85DB00DD6A1B /* IGViewController.xib */ = {
			isa = PBXVariantGroup;
			children = (
				184E02FE156C85DB00DD6A1B /* en */,
			);
			name = IGViewController.xib;
			sourceTree = "<group>";
		};
		18AA973C157D9F3E0090CF4E /* Localizable.strings */ = {
			isa = PBXVariantGroup;
			children = (
				18AA973B157D9F3E0090CF4E /* en */,
				18AA973D157D9F440090CF4E /* zh-Hans */,
				18AA973E157D9F470090CF4E /* ja */,
				18AA973F157D9F480090CF4E /* ko */,
			);
			name = Localizable.strings;
			sourceTree = "<group>";
		};
/* End PBXVariantGroup section */

/* Begin XCBuildConfiguration section */
		184E0300156C85DB00DD6A1B /* Debug */ = {
			isa = XCBuildConfiguration;
			buildSettings = {
				ALWAYS_SEARCH_USER_PATHS = NO;
				ARCHS = "$(ARCHS_STANDARD_32_BIT)";
				CLANG_ENABLE_OBJC_ARC = YES;
				"CODE_SIGN_IDENTITY[sdk=iphoneos*]" = "iPhone Developer: Liu Ming (X2BX3TKD7M)";
				COPY_PHASE_STRIP = NO;
				GCC_C_LANGUAGE_STANDARD = gnu99;
				GCC_DYNAMIC_NO_PIC = NO;
				GCC_OPTIMIZATION_LEVEL = 0;
				GCC_PREPROCESSOR_DEFINITIONS = (
					"DEBUG=1",
					"$(inherited)",
				);
				GCC_SYMBOLS_PRIVATE_EXTERN = NO;
				GCC_VERSION = com.apple.compilers.llvm.clang.1_0;
				GCC_WARN_ABOUT_RETURN_TYPE = YES;
				GCC_WARN_UNINITIALIZED_AUTOS = YES;
				GCC_WARN_UNUSED_VARIABLE = YES;
				IPHONEOS_DEPLOYMENT_TARGET = 5.0;
				"PROVISIONING_PROFILE[sdk=iphoneos*]" = "EF7E148B-1972-450B-84A0-71CD312A5928";
				SDKROOT = iphoneos;
			};
			name = Debug;
		};
		184E0301156C85DB00DD6A1B /* Release */ = {
			isa = XCBuildConfiguration;
			buildSettings = {
				ALWAYS_SEARCH_USER_PATHS = NO;
				ARCHS = "$(ARCHS_STANDARD_32_BIT)";
				CLANG_ENABLE_OBJC_ARC = YES;
				"CODE_SIGN_IDENTITY[sdk=iphoneos*]" = "iPhone Distribution: Liu Ming";
				COPY_PHASE_STRIP = YES;
				GCC_C_LANGUAGE_STANDARD = gnu99;
				GCC_VERSION = com.apple.compilers.llvm.clang.1_0;
				GCC_WARN_ABOUT_RETURN_TYPE = YES;
				GCC_WARN_UNINITIALIZED_AUTOS = YES;
				GCC_WARN_UNUSED_VARIABLE = YES;
				IPHONEOS_DEPLOYMENT_TARGET = 5.0;
				OTHER_CFLAGS = "-DNS_BLOCK_ASSERTIONS=1";
				"PROVISIONING_PROFILE[sdk=iphoneos*]" = "70AF4E9D-C156-4E0F-9CF7-BE57D873E7C9";
				SDKROOT = iphoneos;
				VALIDATE_PRODUCT = YES;
			};
			name = Release;
		};
		184E0303156C85DB00DD6A1B /* Debug */ = {
			isa = XCBuildConfiguration;
			buildSettings = {
				"CODE_SIGN_IDENTITY[sdk=iphoneos*]" = "iPhone Developer";
				GCC_PRECOMPILE_PREFIX_HEADER = YES;
				GCC_PREFIX_HEADER = "IGT002/IGT002-Prefix.pch";
				INFOPLIST_FILE = "IGT002/IGT002-Info.plist";
				IPHONEOS_DEPLOYMENT_TARGET = 5.0;
				PRODUCT_NAME = "$(TARGET_NAME)";
				"PROVISIONING_PROFILE[sdk=iphoneos*]" = "";
				WRAPPER_EXTENSION = app;
			};
			name = Debug;
		};
		184E0304156C85DB00DD6A1B /* Release */ = {
			isa = XCBuildConfiguration;
			buildSettings = {
				"CODE_SIGN_IDENTITY[sdk=iphoneos*]" = "iPhone Distribution: Liu Ming";
				GCC_PRECOMPILE_PREFIX_HEADER = YES;
				GCC_PREFIX_HEADER = "IGT002/IGT002-Prefix.pch";
				INFOPLIST_FILE = "IGT002/IGT002-Info.plist";
				IPHONEOS_DEPLOYMENT_TARGET = 5.0;
				PRODUCT_NAME = "$(TARGET_NAME)";
				"PROVISIONING_PROFILE[sdk=iphoneos*]" = "70AF4E9D-C156-4E0F-9CF7-BE57D873E7C9";
				WRAPPER_EXTENSION = app;
			};
			name = Release;
		};
/* End XCBuildConfiguration section */

/* Begin XCConfigurationList section */
		184E02DE156C85D900DD6A1B /* Build configuration list for PBXProject "IGT002" */ = {
			isa = XCConfigurationList;
			buildConfigurations = (
				184E0300156C85DB00DD6A1B /* Debug */,
				184E0301156C85DB00DD6A1B /* Release */,
			);
			defaultConfigurationIsVisible = 0;
			defaultConfigurationName = Release;
		};
		184E0302156C85DB00DD6A1B /* Build configuration list for PBXNativeTarget "IGT002" */ = {
			isa = XCConfigurationList;
			buildConfigurations = (
				184E0303156C85DB00DD6A1B /* Debug */,
				184E0304156C85DB00DD6A1B /* Release */,
			);
			defaultConfigurationIsVisible = 0;
			defaultConfigurationName = Release;
		};
/* End XCConfigurationList section */

/* Begin XCVersionGroup section */
		18DE47BE157477770079846C /* IGT002.xcdatamodeld */ = {
			isa = XCVersionGroup;
			children = (
				18DE47BF157477770079846C /* IGT002.xcdatamodel */,
			);
			currentVersion = 18DE47BF157477770079846C /* IGT002.xcdatamodel */;
			path = IGT002.xcdatamodeld;
			sourceTree = "<group>";
			versionGroupType = wrapper.xcdatamodel;
		};
/* End XCVersionGroup section */
	};
	rootObject = 184E02DB156C85D900DD6A1B /* Project object */;
}
